
Microsoft Visual Studio Solution File, Format Version 12.00
# Visual Studio Version 17
VisualStudioVersion = 17.0.31903.59
MinimumVisualStudioVersion = 10.0.40219.1
Project("{FAE04EC0-301F-11D3-BF4B-00C04F79EFBC}") = "BuberDinner.Api", "BuberDinner.Api\BuberDinner.Api.csproj", "{A4FE5390-DBF2-429E-BD14-478B74818156}"
EndProject
Project("{FAE04EC0-301F-11D3-BF4B-00C04F79EFBC}") = "BuberDinner.Application", "BuberDinner.Application\BuberDinner.Application.csproj", "{4D411C2E-3A66-4ED1-A92E-1D5B3752C6D8}"
EndProject
Project("{FAE04EC0-301F-11D3-BF4B-00C04F79EFBC}") = "BuberDinner.Contracts", "BuberDinner.Contracts\BuberDinner.Contracts.csproj", "{8A655847-88FE-4242-A289-8EC5E30C0819}"
EndProject
Project("{FAE04EC0-301F-11D3-BF4B-00C04F79EFBC}") = "BuberDinner.Domain", "BuberDinner.Domain\BuberDinner.Domain.csproj", "{411BE69C-5B95-44A0-AA67-D621B7BA3B59}"
EndProject
Project("{FAE04EC0-301F-11D3-BF4B-00C04F79EFBC}") = "BuberDinner.Infrastructure", "BuberDinner.Infrastructure\BuberDinner.Infrastructure.csproj", "{18D60682-CFFB-4501-B359-0551284FF48D}"
EndProject
Global
	GlobalSection(SolutionConfigurationPlatforms) = preSolution
		Debug|Any CPU = Debug|Any CPU
		Release|Any CPU = Release|Any CPU
	EndGlobalSection
	GlobalSection(SolutionProperties) = preSolution
		HideSolutionNode = FALSE
	EndGlobalSection
	GlobalSection(ProjectConfigurationPlatforms) = postSolution
		{A4FE5390-DBF2-429E-BD14-478B74818156}.Debug|Any CPU.ActiveCfg = Debug|Any CPU
		{A4FE5390-DBF2-429E-BD14-478B74818156}.Debug|Any CPU.Build.0 = Debug|Any CPU
		{A4FE5390-DBF2-429E-BD14-478B74818156}.Release|Any CPU.ActiveCfg = Release|Any CPU
		{A4FE5390-DBF2-429E-BD14-478B74818156}.Release|Any CPU.Build.0 = Release|Any CPU
		{4D411C2E-3A66-4ED1-A92E-1D5B3752C6D8}.Debug|Any CPU.ActiveCfg = Debug|Any CPU
		{4D411C2E-3A66-4ED1-A92E-1D5B3752C6D8}.Debug|Any CPU.Build.0 = Debug|Any CPU
		{4D411C2E-3A66-4ED1-A92E-1D5B3752C6D8}.Release|Any CPU.ActiveCfg = Release|Any CPU
		{4D411C2E-3A66-4ED1-A92E-1D5B3752C6D8}.Release|Any CPU.Build.0 = Release|Any CPU
		{8A655847-88FE-4242-A289-8EC5E30C0819}.Debug|Any CPU.ActiveCfg = Debug|Any CPU
		{8A655847-88FE-4242-A289-8EC5E30C0819}.Debug|Any CPU.Build.0 = Debug|Any CPU
		{8A655847-88FE-4242-A289-8EC5E30C0819}.Release|Any CPU.ActiveCfg = Release|Any CPU
		{8A655847-88FE-4242-A289-8EC5E30C0819}.Release|Any CPU.Build.0 = Release|Any CPU
		{411BE69C-5B95-44A0-AA67-D621B7BA3B59}.Debug|Any CPU.ActiveCfg = Debug|Any CPU
		{411BE69C-5B95-44A0-AA67-D621B7BA3B59}.Debug|Any CPU.Build.0 = Debug|Any CPU
		{411BE69C-5B95-44A0-AA67-D621B7BA3B59}.Release|Any CPU.ActiveCfg = Release|Any CPU
		{411BE69C-5B95-44A0-AA67-D621B7BA3B59}.Release|Any CPU.Build.0 = Release|Any CPU
		{18D60682-CFFB-4501-B359-0551284FF48D}.Debug|Any CPU.ActiveCfg = Debug|Any CPU
		{18D60682-CFFB-4501-B359-0551284FF48D}.Debug|Any CPU.Build.0 = Debug|Any CPU
		{18D60682-CFFB-4501-B359-0551284FF48D}.Release|Any CPU.ActiveCfg = Release|Any CPU
		{18D60682-CFFB-4501-B359-0551284FF48D}.Release|Any CPU.Build.0 = Release|Any CPU
	EndGlobalSection
EndGlobal
